// !$*UTF8*$!
{
	archiveVersion = 1;
	classes = {
	};
	objectVersion = 52;
	objects = {

/* Begin PBXBuildFile section */
		A90A46312571A04D00045CA5 /* AppDelegate.swift in Sources */ = {isa = PBXBuildFile; fileRef = A90A46302571A04D00045CA5 /* AppDelegate.swift */; };
		A90A46332571A04D00045CA5 /* SceneDelegate.swift in Sources */ = {isa = PBXBuildFile; fileRef = A90A46322571A04D00045CA5 /* SceneDelegate.swift */; };
		A90A463A2571A04F00045CA5 /* Assets.xcassets in Resources */ = {isa = PBXBuildFile; fileRef = A90A46392571A04F00045CA5 /* Assets.xcassets */; };
		A90A463D2571A04F00045CA5 /* LaunchScreen.storyboard in Resources */ = {isa = PBXBuildFile; fileRef = A90A463B2571A04F00045CA5 /* LaunchScreen.storyboard */; };
		A90A46502571A07F00045CA5 /* AppDelegate.swift in Sources */ = {isa = PBXBuildFile; fileRef = A90A464F2571A07F00045CA5 /* AppDelegate.swift */; };
		A90A46542571A08200045CA5 /* Assets.xcassets in Resources */ = {isa = PBXBuildFile; fileRef = A90A46532571A08200045CA5 /* Assets.xcassets */; };
		A90A467A2571A4D300045CA5 /* AllApples in Frameworks */ = {isa = PBXBuildFile; productRef = A90A46792571A4D300045CA5 /* AllApples */; };
		A90A467E2571A50900045CA5 /* AllApples in Frameworks */ = {isa = PBXBuildFile; productRef = A90A467D2571A50900045CA5 /* AllApples */; };
		A90A468E2571A66100045CA5 /* main.swift in Sources */ = {isa = PBXBuildFile; fileRef = A90A468D2571A66100045CA5 /* main.swift */; };
		A90A46E02571AD6F00045CA5 /* CommonViewController.swift in Sources */ = {isa = PBXBuildFile; fileRef = A90A46DF2571AD6F00045CA5 /* CommonViewController.swift */; };
		A90A46E12571AD6F00045CA5 /* CommonViewController.swift in Sources */ = {isa = PBXBuildFile; fileRef = A90A46DF2571AD6F00045CA5 /* CommonViewController.swift */; };
/* End PBXBuildFile section */

/* Begin PBXFileReference section */
		A90A462D2571A04D00045CA5 /* AllApplesIosApp.app */ = {isa = PBXFileReference; explicitFileType = wrapper.application; includeInIndex = 0; path = AllApplesIosApp.app; sourceTree = BUILT_PRODUCTS_DIR; };
		A90A46302571A04D00045CA5 /* AppDelegate.swift */ = {isa = PBXFileReference; lastKnownFileType = sourcecode.swift; path = AppDelegate.swift; sourceTree = "<group>"; };
		A90A46322571A04D00045CA5 /* SceneDelegate.swift */ = {isa = PBXFileReference; lastKnownFileType = sourcecode.swift; path = SceneDelegate.swift; sourceTree = "<group>"; };
		A90A46392571A04F00045CA5 /* Assets.xcassets */ = {isa = PBXFileReference; lastKnownFileType = folder.assetcatalog; path = Assets.xcassets; sourceTree = "<group>"; };
		A90A463C2571A04F00045CA5 /* Base */ = {isa = PBXFileReference; lastKnownFileType = file.storyboard; name = Base; path = Base.lproj/LaunchScreen.storyboard; sourceTree = "<group>"; };
		A90A463E2571A04F00045CA5 /* Info.plist */ = {isa = PBXFileReference; lastKnownFileType = text.plist.xml; path = Info.plist; sourceTree = "<group>"; };
		A90A464D2571A07F00045CA5 /* AllApplesMacApp.app */ = {isa = PBXFileReference; explicitFileType = wrapper.application; includeInIndex = 0; path = AllApplesMacApp.app; sourceTree = BUILT_PRODUCTS_DIR; };
		A90A464F2571A07F00045CA5 /* AppDelegate.swift */ = {isa = PBXFileReference; lastKnownFileType = sourcecode.swift; path = AppDelegate.swift; sourceTree = "<group>"; };
		A90A46532571A08200045CA5 /* Assets.xcassets */ = {isa = PBXFileReference; lastKnownFileType = folder.assetcatalog; path = Assets.xcassets; sourceTree = "<group>"; };
		A90A46582571A08200045CA5 /* Info.plist */ = {isa = PBXFileReference; lastKnownFileType = text.plist.xml; path = Info.plist; sourceTree = "<group>"; };
		A90A46592571A08200045CA5 /* AllApplesMacApp.entitlements */ = {isa = PBXFileReference; lastKnownFileType = text.plist.entitlements; path = AllApplesMacApp.entitlements; sourceTree = "<group>"; };
		A90A468D2571A66100045CA5 /* main.swift */ = {isa = PBXFileReference; lastKnownFileType = sourcecode.swift; path = main.swift; sourceTree = "<group>"; };
		A90A46DF2571AD6F00045CA5 /* CommonViewController.swift */ = {isa = PBXFileReference; lastKnownFileType = sourcecode.swift; path = CommonViewController.swift; sourceTree = "<group>"; };
/* End PBXFileReference section */

/* Begin PBXFrameworksBuildPhase section */
		A90A462A2571A04D00045CA5 /* Frameworks */ = {
			isa = PBXFrameworksBuildPhase;
			buildActionMask = 2147483647;
			files = (
				A90A467A2571A4D300045CA5 /* AllApples in Frameworks */,
			);
			runOnlyForDeploymentPostprocessing = 0;
		};
		A90A464A2571A07F00045CA5 /* Frameworks */ = {
			isa = PBXFrameworksBuildPhase;
			buildActionMask = 2147483647;
			files = (
				A90A467E2571A50900045CA5 /* AllApples in Frameworks */,
			);
			runOnlyForDeploymentPostprocessing = 0;
		};
/* End PBXFrameworksBuildPhase section */

/* Begin PBXGroup section */
		A90A46242571A04D00045CA5 = {
			isa = PBXGroup;
			children = (
				A90A46DF2571AD6F00045CA5 /* CommonViewController.swift */,
				A90A462F2571A04D00045CA5 /* AllApplesIosApp */,
				A90A464E2571A07F00045CA5 /* AllApplesMacApp */,
				A90A462E2571A04D00045CA5 /* Products */,
				A90A465F2571A09500045CA5 /* Frameworks */,
			);
			sourceTree = "<group>";
		};
		A90A462E2571A04D00045CA5 /* Products */ = {
			isa = PBXGroup;
			children = (
				A90A462D2571A04D00045CA5 /* AllApplesIosApp.app */,
				A90A464D2571A07F00045CA5 /* AllApplesMacApp.app */,
			);
			name = Products;
			sourceTree = "<group>";
		};
		A90A462F2571A04D00045CA5 /* AllApplesIosApp */ = {
			isa = PBXGroup;
			children = (
				A90A46302571A04D00045CA5 /* AppDelegate.swift */,
				A90A46322571A04D00045CA5 /* SceneDelegate.swift */,
				A90A46392571A04F00045CA5 /* Assets.xcassets */,
				A90A463B2571A04F00045CA5 /* LaunchScreen.storyboard */,
				A90A463E2571A04F00045CA5 /* Info.plist */,
			);
			path = AllApplesIosApp;
			sourceTree = "<group>";
		};
		A90A464E2571A07F00045CA5 /* AllApplesMacApp */ = {
			isa = PBXGroup;
			children = (
				A90A468D2571A66100045CA5 /* main.swift */,
				A90A464F2571A07F00045CA5 /* AppDelegate.swift */,
				A90A46532571A08200045CA5 /* Assets.xcassets */,
				A90A46582571A08200045CA5 /* Info.plist */,
				A90A46592571A08200045CA5 /* AllApplesMacApp.entitlements */,
			);
			path = AllApplesMacApp;
			sourceTree = "<group>";
		};
		A90A465F2571A09500045CA5 /* Frameworks */ = {
			isa = PBXGroup;
			children = (
			);
			name = Frameworks;
			sourceTree = "<group>";
		};
/* End PBXGroup section */

/* Begin PBXNativeTarget section */
		A90A462C2571A04D00045CA5 /* AllApplesIosApp */ = {
			isa = PBXNativeTarget;
			buildConfigurationList = A90A46412571A04F00045CA5 /* Build configuration list for PBXNativeTarget "AllApplesIosApp" */;
			buildPhases = (
				A90A46292571A04D00045CA5 /* Sources */,
				A90A462A2571A04D00045CA5 /* Frameworks */,
				A90A462B2571A04D00045CA5 /* Resources */,
			);
			buildRules = (
			);
			dependencies = (
			);
			name = AllApplesIosApp;
			packageProductDependencies = (
				A90A46792571A4D300045CA5 /* AllApples */,
			);
			productName = AllApplesIosApp;
			productReference = A90A462D2571A04D00045CA5 /* AllApplesIosApp.app */;
			productType = "com.apple.product-type.application";
		};
		A90A464C2571A07F00045CA5 /* AllApplesMacApp */ = {
			isa = PBXNativeTarget;
			buildConfigurationList = A90A465A2571A08200045CA5 /* Build configuration list for PBXNativeTarget "AllApplesMacApp" */;
			buildPhases = (
				A90A46492571A07F00045CA5 /* Sources */,
				A90A464A2571A07F00045CA5 /* Frameworks */,
				A90A464B2571A07F00045CA5 /* Resources */,
			);
			buildRules = (
			);
			dependencies = (
			);
			name = AllApplesMacApp;
			packageProductDependencies = (
				A90A467D2571A50900045CA5 /* AllApples */,
			);
			productName = AllApplesMacApp;
			productReference = A90A464D2571A07F00045CA5 /* AllApplesMacApp.app */;
			productType = "com.apple.product-type.application";
		};
/* End PBXNativeTarget section */

/* Begin PBXProject section */
		A90A46252571A04D00045CA5 /* Project object */ = {
			isa = PBXProject;
			attributes = {
				LastSwiftUpdateCheck = 1220;
				LastUpgradeCheck = 1220;
				TargetAttributes = {
					A90A462C2571A04D00045CA5 = {
						CreatedOnToolsVersion = 12.2;
					};
					A90A464C2571A07F00045CA5 = {
						CreatedOnToolsVersion = 12.2;
					};
				};
			};
			buildConfigurationList = A90A46282571A04D00045CA5 /* Build configuration list for PBXProject "AllApplesIosApp" */;
			compatibilityVersion = "Xcode 9.3";
			developmentRegion = en;
			hasScannedForEncodings = 0;
			knownRegions = (
				en,
				Base,
			);
			mainGroup = A90A46242571A04D00045CA5;
			packageReferences = (
				A90A46782571A4D300045CA5 /* XCRemoteSwiftPackageReference "allapples" */,
			);
			productRefGroup = A90A462E2571A04D00045CA5 /* Products */;
			projectDirPath = "";
			projectRoot = "";
			targets = (
				A90A462C2571A04D00045CA5 /* AllApplesIosApp */,
				A90A464C2571A07F00045CA5 /* AllApplesMacApp */,
			);
		};
/* End PBXProject section */

/* Begin PBXResourcesBuildPhase section */
		A90A462B2571A04D00045CA5 /* Resources */ = {
			isa = PBXResourcesBuildPhase;
			buildActionMask = 2147483647;
			files = (
				A90A463D2571A04F00045CA5 /* LaunchScreen.storyboard in Resources */,
				A90A463A2571A04F00045CA5 /* Assets.xcassets in Resources */,
			);
			runOnlyForDeploymentPostprocessing = 0;
		};
		A90A464B2571A07F00045CA5 /* Resources */ = {
			isa = PBXResourcesBuildPhase;
			buildActionMask = 2147483647;
			files = (
				A90A46542571A08200045CA5 /* Assets.xcassets in Resources */,
			);
			runOnlyForDeploymentPostprocessing = 0;
		};
/* End PBXResourcesBuildPhase section */

/* Begin PBXSourcesBuildPhase section */
		A90A46292571A04D00045CA5 /* Sources */ = {
			isa = PBXSourcesBuildPhase;
			buildActionMask = 2147483647;
			files = (
				A90A46E02571AD6F00045CA5 /* CommonViewController.swift in Sources */,
				A90A46312571A04D00045CA5 /* AppDelegate.swift in Sources */,
				A90A46332571A04D00045CA5 /* SceneDelegate.swift in Sources */,
			);
			runOnlyForDeploymentPostprocessing = 0;
		};
		A90A46492571A07F00045CA5 /* Sources */ = {
			isa = PBXSourcesBuildPhase;
			buildActionMask = 2147483647;
			files = (
				A90A46E12571AD6F00045CA5 /* CommonViewController.swift in Sources */,
				A90A46502571A07F00045CA5 /* AppDelegate.swift in Sources */,
				A90A468E2571A66100045CA5 /* main.swift in Sources */,
			);
			runOnlyForDeploymentPostprocessing = 0;
		};
/* End PBXSourcesBuildPhase section */

/* Begin PBXVariantGroup section */
		A90A463B2571A04F00045CA5 /* LaunchScreen.storyboard */ = {
			isa = PBXVariantGroup;
			children = (
				A90A463C2571A04F00045CA5 /* Base */,
			);
			name = LaunchScreen.storyboard;
			sourceTree = "<group>";
		};
/* End PBXVariantGroup section */

/* Begin XCBuildConfiguration section */
		A90A463F2571A04F00045CA5 /* Debug */ = {
			isa = XCBuildConfiguration;
			buildSettings = {
				ALWAYS_SEARCH_USER_PATHS = NO;
				CLANG_ANALYZER_NONNULL = YES;
				CLANG_ANALYZER_NUMBER_OBJECT_CONVERSION = YES_AGGRESSIVE;
				CLANG_CXX_LANGUAGE_STANDARD = "gnu++14";
				CLANG_CXX_LIBRARY = "libc++";
				CLANG_ENABLE_MODULES = YES;
				CLANG_ENABLE_OBJC_ARC = YES;
				CLANG_ENABLE_OBJC_WEAK = YES;
				CLANG_WARN_BLOCK_CAPTURE_AUTORELEASING = YES;
				CLANG_WARN_BOOL_CONVERSION = YES;
				CLANG_WARN_COMMA = YES;
				CLANG_WARN_CONSTANT_CONVERSION = YES;
				CLANG_WARN_DEPRECATED_OBJC_IMPLEMENTATIONS = YES;
				CLANG_WARN_DIRECT_OBJC_ISA_USAGE = YES_ERROR;
				CLANG_WARN_DOCUMENTATION_COMMENTS = YES;
				CLANG_WARN_EMPTY_BODY = YES;
				CLANG_WARN_ENUM_CONVERSION = YES;
				CLANG_WARN_INFINITE_RECURSION = YES;
				CLANG_WARN_INT_CONVERSION = YES;
				CLANG_WARN_NON_LITERAL_NULL_CONVERSION = YES;
				CLANG_WARN_OBJC_IMPLICIT_RETAIN_SELF = YES;
				CLANG_WARN_OBJC_LITERAL_CONVERSION = YES;
				CLANG_WARN_OBJC_ROOT_CLASS = YES_ERROR;
				CLANG_WARN_QUOTED_INCLUDE_IN_FRAMEWORK_HEADER = YES;
				CLANG_WARN_RANGE_LOOP_ANALYSIS = YES;
				CLANG_WARN_STRICT_PROTOTYPES = YES;
				CLANG_WARN_SUSPICIOUS_MOVE = YES;
				CLANG_WARN_UNGUARDED_AVAILABILITY = YES_AGGRESSIVE;
				CLANG_WARN_UNREACHABLE_CODE = YES;
				CLANG_WARN__DUPLICATE_METHOD_MATCH = YES;
				COPY_PHASE_STRIP = NO;
				DEBUG_INFORMATION_FORMAT = dwarf;
				ENABLE_STRICT_OBJC_MSGSEND = YES;
				ENABLE_TESTABILITY = YES;
				GCC_C_LANGUAGE_STANDARD = gnu11;
				GCC_DYNAMIC_NO_PIC = NO;
				GCC_NO_COMMON_BLOCKS = YES;
				GCC_OPTIMIZATION_LEVEL = 0;
				GCC_PREPROCESSOR_DEFINITIONS = (
					"DEBUG=1",
					"$(inherited)",
				);
				GCC_WARN_64_TO_32_BIT_CONVERSION = YES;
				GCC_WARN_ABOUT_RETURN_TYPE = YES_ERROR;
				GCC_WARN_UNDECLARED_SELECTOR = YES;
				GCC_WARN_UNINITIALIZED_AUTOS = YES_AGGRESSIVE;
				GCC_WARN_UNUSED_FUNCTION = YES;
				GCC_WARN_UNUSED_VARIABLE = YES;
				IPHONEOS_DEPLOYMENT_TARGET = 14.2;
				MTL_ENABLE_DEBUG_INFO = INCLUDE_SOURCE;
				MTL_FAST_MATH = YES;
				ONLY_ACTIVE_ARCH = YES;
				SDKROOT = iphoneos;
				SWIFT_ACTIVE_COMPILATION_CONDITIONS = DEBUG;
				SWIFT_OPTIMIZATION_LEVEL = "-Onone";
			};
			name = Debug;
		};
		A90A46402571A04F00045CA5 /* Release */ = {
			isa = XCBuildConfiguration;
			buildSettings = {
				ALWAYS_SEARCH_USER_PATHS = NO;
				CLANG_ANALYZER_NONNULL = YES;
				CLANG_ANALYZER_NUMBER_OBJECT_CONVERSION = YES_AGGRESSIVE;
				CLANG_CXX_LANGUAGE_STANDARD = "gnu++14";
				CLANG_CXX_LIBRARY = "libc++";
				CLANG_ENABLE_MODULES = YES;
				CLANG_ENABLE_OBJC_ARC = YES;
				CLANG_ENABLE_OBJC_WEAK = YES;
				CLANG_WARN_BLOCK_CAPTURE_AUTORELEASING = YES;
				CLANG_WARN_BOOL_CONVERSION = YES;
				CLANG_WARN_COMMA = YES;
				CLANG_WARN_CONSTANT_CONVERSION = YES;
				CLANG_WARN_DEPRECATED_OBJC_IMPLEMENTATIONS = YES;
				CLANG_WARN_DIRECT_OBJC_ISA_USAGE = YES_ERROR;
				CLANG_WARN_DOCUMENTATION_COMMENTS = YES;
				CLANG_WARN_EMPTY_BODY = YES;
				CLANG_WARN_ENUM_CONVERSION = YES;
				CLANG_WARN_INFINITE_RECURSION = YES;
				CLANG_WARN_INT_CONVERSION = YES;
				CLANG_WARN_NON_LITERAL_NULL_CONVERSION = YES;
				CLANG_WARN_OBJC_IMPLICIT_RETAIN_SELF = YES;
				CLANG_WARN_OBJC_LITERAL_CONVERSION = YES;
				CLANG_WARN_OBJC_ROOT_CLASS = YES_ERROR;
				CLANG_WARN_QUOTED_INCLUDE_IN_FRAMEWORK_HEADER = YES;
				CLANG_WARN_RANGE_LOOP_ANALYSIS = YES;
				CLANG_WARN_STRICT_PROTOTYPES = YES;
				CLANG_WARN_SUSPICIOUS_MOVE = YES;
				CLANG_WARN_UNGUARDED_AVAILABILITY = YES_AGGRESSIVE;
				CLANG_WARN_UNREACHABLE_CODE = YES;
				CLANG_WARN__DUPLICATE_METHOD_MATCH = YES;
				COPY_PHASE_STRIP = NO;
				DEBUG_INFORMATION_FORMAT = "dwarf-with-dsym";
				ENABLE_NS_ASSERTIONS = NO;
				ENABLE_STRICT_OBJC_MSGSEND = YES;
				GCC_C_LANGUAGE_STANDARD = gnu11;
				GCC_NO_COMMON_BLOCKS = YES;
				GCC_WARN_64_TO_32_BIT_CONVERSION = YES;
				GCC_WARN_ABOUT_RETURN_TYPE = YES_ERROR;
				GCC_WARN_UNDECLARED_SELECTOR = YES;
				GCC_WARN_UNINITIALIZED_AUTOS = YES_AGGRESSIVE;
				GCC_WARN_UNUSED_FUNCTION = YES;
				GCC_WARN_UNUSED_VARIABLE = YES;
				IPHONEOS_DEPLOYMENT_TARGET = 14.2;
				MTL_ENABLE_DEBUG_INFO = NO;
				MTL_FAST_MATH = YES;
				SDKROOT = iphoneos;
				SWIFT_COMPILATION_MODE = wholemodule;
				SWIFT_OPTIMIZATION_LEVEL = "-O";
				VALIDATE_PRODUCT = YES;
			};
			name = Release;
		};
		A90A46422571A04F00045CA5 /* Debug */ = {
			isa = XCBuildConfiguration;
			buildSettings = {
				ASSETCATALOG_COMPILER_APPICON_NAME = AppIcon;
				ASSETCATALOG_COMPILER_GLOBAL_ACCENT_COLOR_NAME = AccentColor;
				CODE_SIGN_STYLE = Automatic;
				DEVELOPMENT_TEAM = XBE2EP7T4F;
				INFOPLIST_FILE = AllApplesIosApp/Info.plist;
				IPHONEOS_DEPLOYMENT_TARGET = 14.0;
				LD_RUNPATH_SEARCH_PATHS = (
					"$(inherited)",
					"@executable_path/Frameworks",
				);
				PRODUCT_BUNDLE_IDENTIFIER = com.mihaelamj.me.AllApplesIosApp;
				PRODUCT_NAME = "$(TARGET_NAME)";
				SWIFT_VERSION = 5.0;
				TARGETED_DEVICE_FAMILY = "1,2";
			};
			name = Debug;
		};
		A90A46432571A04F00045CA5 /* Release */ = {
			isa = XCBuildConfiguration;
			buildSettings = {
				ASSETCATALOG_COMPILER_APPICON_NAME = AppIcon;
				ASSETCATALOG_COMPILER_GLOBAL_ACCENT_COLOR_NAME = AccentColor;
				CODE_SIGN_STYLE = Automatic;
				DEVELOPMENT_TEAM = XBE2EP7T4F;
				INFOPLIST_FILE = AllApplesIosApp/Info.plist;
				IPHONEOS_DEPLOYMENT_TARGET = 14.0;
				LD_RUNPATH_SEARCH_PATHS = (
					"$(inherited)",
					"@executable_path/Frameworks",
				);
				PRODUCT_BUNDLE_IDENTIFIER = com.mihaelamj.me.AllApplesIosApp;
				PRODUCT_NAME = "$(TARGET_NAME)";
				SWIFT_VERSION = 5.0;
				TARGETED_DEVICE_FAMILY = "1,2";
			};
			name = Release;
		};
		A90A465B2571A08200045CA5 /* Debug */ = {
			isa = XCBuildConfiguration;
			buildSettings = {
				ASSETCATALOG_COMPILER_APPICON_NAME = AppIcon;
				ASSETCATALOG_COMPILER_GLOBAL_ACCENT_COLOR_NAME = AccentColor;
				CODE_SIGN_ENTITLEMENTS = AllApplesMacApp/AllApplesMacApp.entitlements;
				CODE_SIGN_STYLE = Automatic;
				COMBINE_HIDPI_IMAGES = YES;
				DEVELOPMENT_TEAM = XBE2EP7T4F;
				ENABLE_HARDENED_RUNTIME = YES;
				INFOPLIST_FILE = AllApplesMacApp/Info.plist;
				LD_RUNPATH_SEARCH_PATHS = (
					"$(inherited)",
					"@executable_path/../Frameworks",
				);
				MACOSX_DEPLOYMENT_TARGET = 10.15;
				PRODUCT_BUNDLE_IDENTIFIER = com.mihaelamj.me.AllApplesMacApp;
				PRODUCT_NAME = "$(TARGET_NAME)";
				SDKROOT = macosx;
				SWIFT_VERSION = 5.0;
			};
			name = Debug;
		};
		A90A465C2571A08200045CA5 /* Release */ = {
			isa = XCBuildConfiguration;
			buildSettings = {
				ASSETCATALOG_COMPILER_APPICON_NAME = AppIcon;
				ASSETCATALOG_COMPILER_GLOBAL_ACCENT_COLOR_NAME = AccentColor;
				CODE_SIGN_ENTITLEMENTS = AllApplesMacApp/AllApplesMacApp.entitlements;
				CODE_SIGN_STYLE = Automatic;
				COMBINE_HIDPI_IMAGES = YES;
				DEVELOPMENT_TEAM = XBE2EP7T4F;
				ENABLE_HARDENED_RUNTIME = YES;
				INFOPLIST_FILE = AllApplesMacApp/Info.plist;
				LD_RUNPATH_SEARCH_PATHS = (
					"$(inherited)",
					"@executable_path/../Frameworks",
				);
				MACOSX_DEPLOYMENT_TARGET = 10.15;
				PRODUCT_BUNDLE_IDENTIFIER = com.mihaelamj.me.AllApplesMacApp;
				PRODUCT_NAME = "$(TARGET_NAME)";
				SDKROOT = macosx;
				SWIFT_VERSION = 5.0;
			};
			name = Release;
		};
/* End XCBuildConfiguration section */

/* Begin XCConfigurationList section */
		A90A46282571A04D00045CA5 /* Build configuration list for PBXProject "AllApplesIosApp" */ = {
			isa = XCConfigurationList;
			buildConfigurations = (
				A90A463F2571A04F00045CA5 /* Debug */,
				A90A46402571A04F00045CA5 /* Release */,
			);
			defaultConfigurationIsVisible = 0;
			defaultConfigurationName = Release;
		};
		A90A46412571A04F00045CA5 /* Build configuration list for PBXNativeTarget "AllApplesIosApp" */ = {
			isa = XCConfigurationList;
			buildConfigurations = (
				A90A46422571A04F00045CA5 /* Debug */,
				A90A46432571A04F00045CA5 /* Release */,
			);
			defaultConfigurationIsVisible = 0;
			defaultConfigurationName = Release;
		};
		A90A465A2571A08200045CA5 /* Build configuration list for PBXNativeTarget "AllApplesMacApp" */ = {
			isa = XCConfigurationList;
			buildConfigurations = (
				A90A465B2571A08200045CA5 /* Debug */,
				A90A465C2571A08200045CA5 /* Release */,
			);
			defaultConfigurationIsVisible = 0;
			defaultConfigurationName = Release;
		};
/* End XCConfigurationList section */

/* Begin XCRemoteSwiftPackageReference section */
		A90A46782571A4D300045CA5 /* XCRemoteSwiftPackageReference "allapples" */ = {
			isa = XCRemoteSwiftPackageReference;
			repositoryURL = "https://github.com/mihaelamj/allapples";
			requirement = {
				kind = upToNextMajorVersion;
				minimumVersion = 0.3.0;
			};
		};
/* End XCRemoteSwiftPackageReference section */

/* Begin XCSwiftPackageProductDependency section */
		A90A46792571A4D300045CA5 /* AllApples */ = {
			isa = XCSwiftPackageProductDependency;
			package = A90A46782571A4D300045CA5 /* XCRemoteSwiftPackageReference "allapples" */;
			productName = AllApples;
		};
		A90A467D2571A50900045CA5 /* AllApples */ = {
			isa = XCSwiftPackageProductDependency;
			package = A90A46782571A4D300045CA5 /* XCRemoteSwiftPackageReference "allapples" */;
			productName = AllApples;
		};
/* End XCSwiftPackageProductDependency section */
	};
	rootObject = A90A46252571A04D00045CA5 /* Project object */;
}
