{
  "object": {
    "pins": [
      {
        "package": "AllApples",
        "repositoryURL": "https://github.com/mihaelamj/allapples",
        "state": {
          "branch": "main",
          "revision": "d871fb3ac82ab3dfc136978b43d65d990ddf7384",
          "version": null
        }
      }
    ]
  },
  "version": 1
}
